
Microsoft Visual Studio Solution File, Format Version 12.00
# Visual Studio Version 16
VisualStudioVersion = 16.0.28803.202
MinimumVisualStudioVersion = 10.0.40219.1
Project("{FAE04EC0-301F-11D3-BF4B-00C04F79EFBC}") = "Randomize", "Randomize\Randomize.csproj", "{82EFBC52-6F5E-4A0B-B6B4-231E59401371}"
EndProject
Global
	GlobalSection(SolutionConfigurationPlatforms) = preSolution
		Debug|Any CPU = Debug|Any CPU
		Release|Any CPU = Release|Any CPU
	EndGlobalSection
	GlobalSection(ProjectConfigurationPlatforms) = postSolution
		{82EFBC52-6F5E-4A0B-B6B4-231E59401371}.Debug|Any CPU.ActiveCfg = Debug|Any CPU
		{82EFBC52-6F5E-4A0B-B6B4-231E59401371}.Debug|Any CPU.Build.0 = Debug|Any CPU
		{82EFBC52-6F5E-4A0B-B6B4-231E59401371}.Release|Any CPU.ActiveCfg = Release|Any CPU
		{82EFBC52-6F5E-4A0B-B6B4-231E59401371}.Release|Any CPU.Build.0 = Release|Any CPU
	EndGlobalSection
	GlobalSection(SolutionProperties) = preSolution
		HideSolutionNode = FALSE
	EndGlobalSection
	GlobalSection(ExtensibilityGlobals) = postSolution
		SolutionGuid = {C984E689-F736-455A-874C-C753C0852C71}
	EndGlobalSection
EndGlobal
